
Microsoft Visual Studio Solution File, Format Version 12.00
# Visual Studio Version 17
VisualStudioVersion = 17.0.32014.148
MinimumVisualStudioVersion = 10.0.40219.1
Project("{FAE04EC0-301F-11D3-BF4B-00C04F79EFBC}") = "AuthAPI", "AuthAPI\AuthAPI.csproj", "{6327556B-1D4F-4F90-9CA6-59C7B00794D0}"
EndProject
Global
	GlobalSection(SolutionConfigurationPlatforms) = preSolution
		Debug|Any CPU = Debug|Any CPU
		Release|Any CPU = Release|Any CPU
	EndGlobalSection
	GlobalSection(ProjectConfigurationPlatforms) = postSolution
		{6327556B-1D4F-4F90-9CA6-59C7B00794D0}.Debug|Any CPU.ActiveCfg = Debug|Any CPU
		{6327556B-1D4F-4F90-9CA6-59C7B00794D0}.Debug|Any CPU.Build.0 = Debug|Any CPU
		{6327556B-1D4F-4F90-9CA6-59C7B00794D0}.Release|Any CPU.ActiveCfg = Release|Any CPU
		{6327556B-1D4F-4F90-9CA6-59C7B00794D0}.Release|Any CPU.Build.0 = Release|Any CPU
	EndGlobalSection
	GlobalSection(SolutionProperties) = preSolution
		HideSolutionNode = FALSE
	EndGlobalSection
	GlobalSection(ExtensibilityGlobals) = postSolution
		SolutionGuid = {8D7FB8E9-3433-417A-84AE-6C6E1D6AF7D3}
	EndGlobalSection
EndGlobal
